
Microsoft Visual Studio Solution File, Format Version 12.00
# Visual Studio Version 17
VisualStudioVersion = 17.2.32616.157
MinimumVisualStudioVersion = 10.0.40219.1
Project("{FAE04EC0-301F-11D3-BF4B-00C04F79EFBC}") = "RecapDemoTahtasi", "RecapDemoTahtasi\RecapDemoTahtasi.csproj", "{F617A9E3-81BD-4617-8073-2DF0577B6248}"
EndProject
Global
	GlobalSection(SolutionConfigurationPlatforms) = preSolution
		Debug|Any CPU = Debug|Any CPU
		Release|Any CPU = Release|Any CPU
	EndGlobalSection
	GlobalSection(ProjectConfigurationPlatforms) = postSolution
		{F617A9E3-81BD-4617-8073-2DF0577B6248}.Debug|Any CPU.ActiveCfg = Debug|Any CPU
		{F617A9E3-81BD-4617-8073-2DF0577B6248}.Debug|Any CPU.Build.0 = Debug|Any CPU
		{F617A9E3-81BD-4617-8073-2DF0577B6248}.Release|Any CPU.ActiveCfg = Release|Any CPU
		{F617A9E3-81BD-4617-8073-2DF0577B6248}.Release|Any CPU.Build.0 = Release|Any CPU
	EndGlobalSection
	GlobalSection(SolutionProperties) = preSolution
		HideSolutionNode = FALSE
	EndGlobalSection
	GlobalSection(ExtensibilityGlobals) = postSolution
		SolutionGuid = {C0DF541F-8054-4A4F-A438-670D9EAD8238}
	EndGlobalSection
EndGlobal
